<?xml version="1.0" encoding="utf-8"?>
<Project ToolsVersion="4.0" xmlns="http://schemas.microsoft.com/developer/msbuild/2003">
  <ItemGroup>
    <Filter Include="Source Files">
      <UniqueIdentifier>{4FC737F1-C7A5-4376-A066-2A32D752A2FF}</UniqueIdentifier>
      <Extensions>cpp;c;cc;cxx;c++;cppm;ixx;def;odl;idl;hpj;bat;asm;asmx</Extensions>
    </Filter>
    <Filter Include="Header Files">
      <UniqueIdentifier>{93995380-89BD-4b04-88EB-625FBE52EBFB}</UniqueIdentifier>
      <Extensions>h;hh;hpp;hxx;h++;hm;inl;inc;ipp;xsd</Extensions>
    </Filter>
    <Filter Include="Resource Files">
      <UniqueIdentifier>{67DA6AB6-F800-4c08-8B7A-83BB121AAD01}</UniqueIdentifier>
      <Extensions>rc;ico;cur;bmp;dlg;rc2;rct;bin;rgs;gif;jpg;jpeg;jpe;resx;tiff;tif;png;wav;mfcribbon-ms</Extensions>
    </Filter>
    <Filter Include="Header Files\Events">
      <UniqueIdentifier>{b08b6f66-9196-43d7-8902-09fd3927600f}</UniqueIdentifier>
    </Filter>
    <Filter Include="Header Files\UI">
      <UniqueIdentifier>{38da4d6d-af2f-4e00-9e8f-f90f0497371b}</UniqueIdentifier>
    </Filter>
    <Filter Include="Header Files\Company">
      <UniqueIdentifier>{9cc8b3dc-676d-4720-a932-ee54ea617a0a}</UniqueIdentifier>
    </Filter>
    <Filter Include="Source Files\Events">
      <UniqueIdentifier>{80ea323d-a313-4371-a5a6-dd252fabe894}</UniqueIdentifier>
    </Filter>
    <Filter Include="Source Files\Company">
      <UniqueIdentifier>{55aca3e4-433d-4c82-86b1-5078b6a465b2}</UniqueIdentifier>
    </Filter>
    <Filter Include="Header Files\Data Structure">
      <UniqueIdentifier>{47293f76-5662-4c3c-a460-0d4c4f52e198}</UniqueIdentifier>
    </Filter>
    <Filter Include="Source Files\UI">
      <UniqueIdentifier>{df57dbf5-8e52-4214-aff5-bd4b200df7cc}</UniqueIdentifier>
    </Filter>
  </ItemGroup>
  <ItemGroup>
    <ClInclude Include="Event.h">
      <Filter>Header Files\Events</Filter>
    </ClInclude>
    <ClInclude Include="Ready.h">
      <Filter>Header Files\Events</Filter>
    </ClInclude>
    <ClInclude Include="Cancel.h">
      <Filter>Header Files\Events</Filter>
    </ClInclude>
    <ClInclude Include="UI.h">
      <Filter>Header Files\UI</Filter>
    </ClInclude>
    <ClInclude Include="Node.h">
      <Filter>Header Files\Data Structure</Filter>
    </ClInclude>
    <ClInclude Include="Truck.h">
      <Filter>Header Files\Company</Filter>
    </ClInclude>
    <ClInclude Include="Cargo.h">
      <Filter>Header Files\Company</Filter>
    </ClInclude>
    <ClInclude Include="Time.h">
      <Filter>Header Files\UI</Filter>
    </ClInclude>
    <ClInclude Include="Promotion.h">
      <Filter>Header Files\Events</Filter>
    </ClInclude>
    <ClInclude Include="Company.h">
      <Filter>Header Files\Company</Filter>
    </ClInclude>
    <ClInclude Include="Linked List.h">
      <Filter>Header Files\Data Structure</Filter>
    </ClInclude>
    <ClInclude Include="Queue.h">
      <Filter>Header Files\Data Structure</Filter>
    </ClInclude>
    <ClInclude Include="pQueue.h">
      <Filter>Header Files\Data Structure</Filter>
    </ClInclude>
    <ClInclude Include="pQueue2.h">
      <Filter>Header Files\Data Structure</Filter>
    </ClInclude>
  </ItemGroup>
  <ItemGroup>
    <ClCompile Include="main.cpp">
      <Filter>Source Files</Filter>
    </ClCompile>
    <ClCompile Include="Cancel.cpp">
      <Filter>Source Files\Events</Filter>
    </ClCompile>
    <ClCompile Include="Ready.cpp">
      <Filter>Source Files\Events</Filter>
    </ClCompile>
    <ClCompile Include="Event.cpp">
      <Filter>Source Files\Events</Filter>
    </ClCompile>
    <ClCompile Include="Cargo.cpp">
      <Filter>Source Files\Company</Filter>
    </ClCompile>
    <ClCompile Include="Truck.cpp">
      <Filter>Source Files\Company</Filter>
    </ClCompile>
    <ClCompile Include="UI.cpp">
      <Filter>Source Files\UI</Filter>
    </ClCompile>
    <ClCompile Include="Time.cpp">
      <Filter>Source Files\UI</Filter>
    </ClCompile>
    <ClCompile Include="Company.cpp">
      <Filter>Source Files\Company</Filter>
    </ClCompile>
    <ClCompile Include="Promotion.cpp">
      <Filter>Source Files\Events</Filter>
    </ClCompile>
  </ItemGroup>
</Project>